// !$*UTF8*$!
{
	archiveVersion = 1;
	classes = {
	};
	objectVersion = 55;
	objects = {

/* Begin PBXBuildFile section */
		E57BEFD828C42FEC007D0EEA /* Question.m in Sources */ = {isa = PBXBuildFile; fileRef = E57BEFD728C42FEC007D0EEA /* Question.m */; };
		E57BEFDB28C44CA8007D0EEA /* InputHandler.m in Sources */ = {isa = PBXBuildFile; fileRef = E57BEFDA28C44CA8007D0EEA /* InputHandler.m */; };
		E57BEFDE28C44EC0007D0EEA /* ScoreKeeper.m in Sources */ = {isa = PBXBuildFile; fileRef = E57BEFDD28C44EC0007D0EEA /* ScoreKeeper.m */; };
		E57BEFE628C451BE007D0EEA /* main.m in Sources */ = {isa = PBXBuildFile; fileRef = E57BEFE528C451BE007D0EEA /* main.m */; };
		E57BEFEC28C47265007D0EEA /* QuestionManager.m in Sources */ = {isa = PBXBuildFile; fileRef = E57BEFEB28C47265007D0EEA /* QuestionManager.m */; };
		E57BEFEF28C47728007D0EEA /* Question.m in Sources */ = {isa = PBXBuildFile; fileRef = E57BEFD728C42FEC007D0EEA /* Question.m */; };
		E57BEFF028C4772D007D0EEA /* InputHandler.m in Sources */ = {isa = PBXBuildFile; fileRef = E57BEFDA28C44CA8007D0EEA /* InputHandler.m */; };
		E57BEFF128C47731007D0EEA /* ScoreKeeper.m in Sources */ = {isa = PBXBuildFile; fileRef = E57BEFDD28C44EC0007D0EEA /* ScoreKeeper.m */; };
		E57BEFF428C47DDD007D0EEA /* AdditionQuestion.m in Sources */ = {isa = PBXBuildFile; fileRef = E57BEFF328C47DDD007D0EEA /* AdditionQuestion.m */; };
		E57BEFF728C47E35007D0EEA /* SubtractionQuestion.m in Sources */ = {isa = PBXBuildFile; fileRef = E57BEFF628C47E35007D0EEA /* SubtractionQuestion.m */; };
		E57BEFFA28C50C62007D0EEA /* MultiplicationQuestion.m in Sources */ = {isa = PBXBuildFile; fileRef = E57BEFF928C50C62007D0EEA /* MultiplicationQuestion.m */; };
		E57BEFFD28C50CA1007D0EEA /* DivisionQuestion.m in Sources */ = {isa = PBXBuildFile; fileRef = E57BEFFC28C50CA1007D0EEA /* DivisionQuestion.m */; };
		E57BF00028C50D9F007D0EEA /* QuestionFactory.m in Sources */ = {isa = PBXBuildFile; fileRef = E57BEFFF28C50D9F007D0EEA /* QuestionFactory.m */; };
		E57BF00828C55010007D0EEA /* main.m in Sources */ = {isa = PBXBuildFile; fileRef = E57BF00728C55010007D0EEA /* main.m */; };
		E57BF00E28C55084007D0EEA /* Contact.m in Sources */ = {isa = PBXBuildFile; fileRef = E57BF00D28C55084007D0EEA /* Contact.m */; };
		E57BF01128C550A6007D0EEA /* ContactList.m in Sources */ = {isa = PBXBuildFile; fileRef = E57BF01028C550A6007D0EEA /* ContactList.m */; };
		E57BF01428C550B8007D0EEA /* InputCollector.m in Sources */ = {isa = PBXBuildFile; fileRef = E57BF01328C550B8007D0EEA /* InputCollector.m */; };
		E57BF01528C552F4007D0EEA /* InputHandler.m in Sources */ = {isa = PBXBuildFile; fileRef = E57BEFDA28C44CA8007D0EEA /* InputHandler.m */; };
		E5B4881E28BE868100F4EF3F /* main.m in Sources */ = {isa = PBXBuildFile; fileRef = E5B4880D28BE822F00F4EF3F /* main.m */; };
		E5B4882728C0015000F4EF3F /* Person.m in Sources */ = {isa = PBXBuildFile; fileRef = E5B4882528C0015000F4EF3F /* Person.m */; };
		E5B4882828C0015000F4EF3F /* main.m in Sources */ = {isa = PBXBuildFile; fileRef = E5B4882628C0015000F4EF3F /* main.m */; };
		E5B4882B28C001EA00F4EF3F /* Box.m in Sources */ = {isa = PBXBuildFile; fileRef = E5B4882A28C001EA00F4EF3F /* Box.m */; };
		E5B4884A28C2621800F4EF3F /* main.m in Sources */ = {isa = PBXBuildFile; fileRef = E5B4884928C2621800F4EF3F /* main.m */; };
		E5B4885528C264B100F4EF3F /* main.m in Sources */ = {isa = PBXBuildFile; fileRef = E5B4885428C264B100F4EF3F /* main.m */; };
/* End PBXBuildFile section */

/* Begin PBXCopyFilesBuildPhase section */
		E57BEFE128C451BE007D0EEA /* CopyFiles */ = {
			isa = PBXCopyFilesBuildPhase;
			buildActionMask = 2147483647;
			dstPath = /usr/share/man/man1/;
			dstSubfolderSpec = 0;
			files = (
			);
			runOnlyForDeploymentPostprocessing = 1;
		};
		E57BF00328C55010007D0EEA /* CopyFiles */ = {
			isa = PBXCopyFilesBuildPhase;
			buildActionMask = 2147483647;
			dstPath = /usr/share/man/man1/;
			dstSubfolderSpec = 0;
			files = (
			);
			runOnlyForDeploymentPostprocessing = 1;
		};
		E5B487FB28BE821400F4EF3F /* CopyFiles */ = {
			isa = PBXCopyFilesBuildPhase;
			buildActionMask = 2147483647;
			dstPath = /usr/share/man/man1/;
			dstSubfolderSpec = 0;
			files = (
			);
			runOnlyForDeploymentPostprocessing = 1;
		};
		E5B4880928BE822F00F4EF3F /* CopyFiles */ = {
			isa = PBXCopyFilesBuildPhase;
			buildActionMask = 2147483647;
			dstPath = /usr/share/man/man1/;
			dstSubfolderSpec = 0;
			files = (
			);
			runOnlyForDeploymentPostprocessing = 1;
		};
		E5B4881428BE824300F4EF3F /* CopyFiles */ = {
			isa = PBXCopyFilesBuildPhase;
			buildActionMask = 2147483647;
			dstPath = /usr/share/man/man1/;
			dstSubfolderSpec = 0;
			files = (
			);
			runOnlyForDeploymentPostprocessing = 1;
		};
		E5B4884528C2621800F4EF3F /* CopyFiles */ = {
			isa = PBXCopyFilesBuildPhase;
			buildActionMask = 2147483647;
			dstPath = /usr/share/man/man1/;
			dstSubfolderSpec = 0;
			files = (
			);
			runOnlyForDeploymentPostprocessing = 1;
		};
		E5B4885028C264B100F4EF3F /* CopyFiles */ = {
			isa = PBXCopyFilesBuildPhase;
			buildActionMask = 2147483647;
			dstPath = /usr/share/man/man1/;
			dstSubfolderSpec = 0;
			files = (
			);
			runOnlyForDeploymentPostprocessing = 1;
		};
/* End PBXCopyFilesBuildPhase section */

/* Begin PBXFileReference section */
		E57BEFD628C42FEC007D0EEA /* Question.h */ = {isa = PBXFileReference; lastKnownFileType = sourcecode.c.h; path = Question.h; sourceTree = "<group>"; };
		E57BEFD728C42FEC007D0EEA /* Question.m */ = {isa = PBXFileReference; lastKnownFileType = sourcecode.c.objc; path = Question.m; sourceTree = "<group>"; };
		E57BEFD928C44CA8007D0EEA /* InputHandler.h */ = {isa = PBXFileReference; lastKnownFileType = sourcecode.c.h; path = InputHandler.h; sourceTree = "<group>"; };
		E57BEFDA28C44CA8007D0EEA /* InputHandler.m */ = {isa = PBXFileReference; lastKnownFileType = sourcecode.c.objc; path = InputHandler.m; sourceTree = "<group>"; };
		E57BEFDC28C44EC0007D0EEA /* ScoreKeeper.h */ = {isa = PBXFileReference; lastKnownFileType = sourcecode.c.h; path = ScoreKeeper.h; sourceTree = "<group>"; };
		E57BEFDD28C44EC0007D0EEA /* ScoreKeeper.m */ = {isa = PBXFileReference; lastKnownFileType = sourcecode.c.objc; path = ScoreKeeper.m; sourceTree = "<group>"; };
		E57BEFE328C451BE007D0EEA /* Lab4 */ = {isa = PBXFileReference; explicitFileType = "compiled.mach-o.executable"; includeInIndex = 0; path = Lab4; sourceTree = BUILT_PRODUCTS_DIR; };
		E57BEFE528C451BE007D0EEA /* main.m */ = {isa = PBXFileReference; lastKnownFileType = sourcecode.c.objc; path = main.m; sourceTree = "<group>"; };
		E57BEFEA28C47265007D0EEA /* QuestionManager.h */ = {isa = PBXFileReference; lastKnownFileType = sourcecode.c.h; path = QuestionManager.h; sourceTree = "<group>"; };
		E57BEFEB28C47265007D0EEA /* QuestionManager.m */ = {isa = PBXFileReference; lastKnownFileType = sourcecode.c.objc; path = QuestionManager.m; sourceTree = "<group>"; };
		E57BEFF228C47DDD007D0EEA /* AdditionQuestion.h */ = {isa = PBXFileReference; lastKnownFileType = sourcecode.c.h; path = AdditionQuestion.h; sourceTree = "<group>"; };
		E57BEFF328C47DDD007D0EEA /* AdditionQuestion.m */ = {isa = PBXFileReference; lastKnownFileType = sourcecode.c.objc; path = AdditionQuestion.m; sourceTree = "<group>"; };
		E57BEFF528C47E35007D0EEA /* SubtractionQuestion.h */ = {isa = PBXFileReference; lastKnownFileType = sourcecode.c.h; path = SubtractionQuestion.h; sourceTree = "<group>"; };
		E57BEFF628C47E35007D0EEA /* SubtractionQuestion.m */ = {isa = PBXFileReference; lastKnownFileType = sourcecode.c.objc; path = SubtractionQuestion.m; sourceTree = "<group>"; };
		E57BEFF828C50C62007D0EEA /* MultiplicationQuestion.h */ = {isa = PBXFileReference; lastKnownFileType = sourcecode.c.h; path = MultiplicationQuestion.h; sourceTree = "<group>"; };
		E57BEFF928C50C62007D0EEA /* MultiplicationQuestion.m */ = {isa = PBXFileReference; lastKnownFileType = sourcecode.c.objc; path = MultiplicationQuestion.m; sourceTree = "<group>"; };
		E57BEFFB28C50CA1007D0EEA /* DivisionQuestion.h */ = {isa = PBXFileReference; lastKnownFileType = sourcecode.c.h; path = DivisionQuestion.h; sourceTree = "<group>"; };
		E57BEFFC28C50CA1007D0EEA /* DivisionQuestion.m */ = {isa = PBXFileReference; lastKnownFileType = sourcecode.c.objc; path = DivisionQuestion.m; sourceTree = "<group>"; };
		E57BEFFE28C50D9F007D0EEA /* QuestionFactory.h */ = {isa = PBXFileReference; lastKnownFileType = sourcecode.c.h; path = QuestionFactory.h; sourceTree = "<group>"; };
		E57BEFFF28C50D9F007D0EEA /* QuestionFactory.m */ = {isa = PBXFileReference; lastKnownFileType = sourcecode.c.objc; path = QuestionFactory.m; sourceTree = "<group>"; };
		E57BF00528C55010007D0EEA /* Lab5 */ = {isa = PBXFileReference; explicitFileType = "compiled.mach-o.executable"; includeInIndex = 0; path = Lab5; sourceTree = BUILT_PRODUCTS_DIR; };
		E57BF00728C55010007D0EEA /* main.m */ = {isa = PBXFileReference; lastKnownFileType = sourcecode.c.objc; path = main.m; sourceTree = "<group>"; };
		E57BF00C28C55084007D0EEA /* Contact.h */ = {isa = PBXFileReference; lastKnownFileType = sourcecode.c.h; path = Contact.h; sourceTree = "<group>"; };
		E57BF00D28C55084007D0EEA /* Contact.m */ = {isa = PBXFileReference; lastKnownFileType = sourcecode.c.objc; path = Contact.m; sourceTree = "<group>"; };
		E57BF00F28C550A6007D0EEA /* ContactList.h */ = {isa = PBXFileReference; lastKnownFileType = sourcecode.c.h; path = ContactList.h; sourceTree = "<group>"; };
		E57BF01028C550A6007D0EEA /* ContactList.m */ = {isa = PBXFileReference; lastKnownFileType = sourcecode.c.objc; path = ContactList.m; sourceTree = "<group>"; };
		E57BF01228C550B8007D0EEA /* InputCollector.h */ = {isa = PBXFileReference; lastKnownFileType = sourcecode.c.h; path = InputCollector.h; sourceTree = "<group>"; };
		E57BF01328C550B8007D0EEA /* InputCollector.m */ = {isa = PBXFileReference; lastKnownFileType = sourcecode.c.objc; path = InputCollector.m; sourceTree = "<group>"; };
		E5B487FD28BE821400F4EF3F /* Objective-C */ = {isa = PBXFileReference; explicitFileType = "compiled.mach-o.executable"; includeInIndex = 0; path = "Objective-C"; sourceTree = BUILT_PRODUCTS_DIR; };
		E5B4880B28BE822F00F4EF3F /* Lab1 */ = {isa = PBXFileReference; explicitFileType = "compiled.mach-o.executable"; includeInIndex = 0; path = Lab1; sourceTree = BUILT_PRODUCTS_DIR; };
		E5B4880D28BE822F00F4EF3F /* main.m */ = {isa = PBXFileReference; lastKnownFileType = sourcecode.c.objc; path = main.m; sourceTree = "<group>"; };
		E5B4881628BE824300F4EF3F /* Lab2 */ = {isa = PBXFileReference; explicitFileType = "compiled.mach-o.executable"; includeInIndex = 0; path = Lab2; sourceTree = BUILT_PRODUCTS_DIR; };
		E5B4882428C0015000F4EF3F /* Person.h */ = {isa = PBXFileReference; fileEncoding = 4; lastKnownFileType = sourcecode.c.h; path = Person.h; sourceTree = "<group>"; };
		E5B4882528C0015000F4EF3F /* Person.m */ = {isa = PBXFileReference; fileEncoding = 4; lastKnownFileType = sourcecode.c.objc; path = Person.m; sourceTree = "<group>"; };
		E5B4882628C0015000F4EF3F /* main.m */ = {isa = PBXFileReference; fileEncoding = 4; lastKnownFileType = sourcecode.c.objc; path = main.m; sourceTree = "<group>"; };
		E5B4882928C001EA00F4EF3F /* Box.h */ = {isa = PBXFileReference; lastKnownFileType = sourcecode.c.h; path = Box.h; sourceTree = "<group>"; };
		E5B4882A28C001EA00F4EF3F /* Box.m */ = {isa = PBXFileReference; lastKnownFileType = sourcecode.c.objc; path = Box.m; sourceTree = "<group>"; };
		E5B4884728C2621800F4EF3F /* Lab3_ */ = {isa = PBXFileReference; explicitFileType = "compiled.mach-o.executable"; includeInIndex = 0; path = Lab3_; sourceTree = BUILT_PRODUCTS_DIR; };
		E5B4884928C2621800F4EF3F /* main.m */ = {isa = PBXFileReference; lastKnownFileType = sourcecode.c.objc; path = main.m; sourceTree = "<group>"; };
		E5B4885228C264B100F4EF3F /* Collections */ = {isa = PBXFileReference; explicitFileType = "compiled.mach-o.executable"; includeInIndex = 0; path = Collections; sourceTree = BUILT_PRODUCTS_DIR; };
		E5B4885428C264B100F4EF3F /* main.m */ = {isa = PBXFileReference; lastKnownFileType = sourcecode.c.objc; path = main.m; sourceTree = "<group>"; };
/* End PBXFileReference section */

/* Begin PBXFrameworksBuildPhase section */
		E57BEFE028C451BE007D0EEA /* Frameworks */ = {
			isa = PBXFrameworksBuildPhase;
			buildActionMask = 2147483647;
			files = (
			);
			runOnlyForDeploymentPostprocessing = 0;
		};
		E57BF00228C55010007D0EEA /* Frameworks */ = {
			isa = PBXFrameworksBuildPhase;
			buildActionMask = 2147483647;
			files = (
			);
			runOnlyForDeploymentPostprocessing = 0;
		};
		E5B487FA28BE821400F4EF3F /* Frameworks */ = {
			isa = PBXFrameworksBuildPhase;
			buildActionMask = 2147483647;
			files = (
			);
			runOnlyForDeploymentPostprocessing = 0;
		};
		E5B4880828BE822F00F4EF3F /* Frameworks */ = {
			isa = PBXFrameworksBuildPhase;
			buildActionMask = 2147483647;
			files = (
			);
			runOnlyForDeploymentPostprocessing = 0;
		};
		E5B4881328BE824300F4EF3F /* Frameworks */ = {
			isa = PBXFrameworksBuildPhase;
			buildActionMask = 2147483647;
			files = (
			);
			runOnlyForDeploymentPostprocessing = 0;
		};
		E5B4884428C2621800F4EF3F /* Frameworks */ = {
			isa = PBXFrameworksBuildPhase;
			buildActionMask = 2147483647;
			files = (
			);
			runOnlyForDeploymentPostprocessing = 0;
		};
		E5B4884F28C264B100F4EF3F /* Frameworks */ = {
			isa = PBXFrameworksBuildPhase;
			buildActionMask = 2147483647;
			files = (
			);
			runOnlyForDeploymentPostprocessing = 0;
		};
/* End PBXFrameworksBuildPhase section */

/* Begin PBXGroup section */
		E57BEFE428C451BE007D0EEA /* Lab4 */ = {
			isa = PBXGroup;
			children = (
				E57BEFE528C451BE007D0EEA /* main.m */,
				E57BEFEA28C47265007D0EEA /* QuestionManager.h */,
				E57BEFEB28C47265007D0EEA /* QuestionManager.m */,
				E57BEFF228C47DDD007D0EEA /* AdditionQuestion.h */,
				E57BEFF328C47DDD007D0EEA /* AdditionQuestion.m */,
				E57BEFF528C47E35007D0EEA /* SubtractionQuestion.h */,
				E57BEFF628C47E35007D0EEA /* SubtractionQuestion.m */,
				E57BEFF828C50C62007D0EEA /* MultiplicationQuestion.h */,
				E57BEFF928C50C62007D0EEA /* MultiplicationQuestion.m */,
				E57BEFFB28C50CA1007D0EEA /* DivisionQuestion.h */,
				E57BEFFC28C50CA1007D0EEA /* DivisionQuestion.m */,
				E57BEFFE28C50D9F007D0EEA /* QuestionFactory.h */,
				E57BEFFF28C50D9F007D0EEA /* QuestionFactory.m */,
			);
			path = Lab4;
			sourceTree = "<group>";
		};
		E57BF00628C55010007D0EEA /* Lab5 */ = {
			isa = PBXGroup;
			children = (
				E57BF00728C55010007D0EEA /* main.m */,
				E57BF00C28C55084007D0EEA /* Contact.h */,
				E57BF00D28C55084007D0EEA /* Contact.m */,
				E57BF00F28C550A6007D0EEA /* ContactList.h */,
				E57BF01028C550A6007D0EEA /* ContactList.m */,
				E57BF01228C550B8007D0EEA /* InputCollector.h */,
				E57BF01328C550B8007D0EEA /* InputCollector.m */,
			);
			path = Lab5;
			sourceTree = "<group>";
		};
		E5B487F428BE821400F4EF3F = {
			isa = PBXGroup;
			children = (
				E5B4885328C264B100F4EF3F /* Collections */,
				E5B4880C28BE822F00F4EF3F /* Lab1 */,
				E5B4881728BE824300F4EF3F /* Lab2 */,
				E5B4884828C2621800F4EF3F /* Lab3_ */,
				E57BEFE428C451BE007D0EEA /* Lab4 */,
				E57BF00628C55010007D0EEA /* Lab5 */,
				E5B487FE28BE821400F4EF3F /* Products */,
			);
			sourceTree = "<group>";
		};
		E5B487FE28BE821400F4EF3F /* Products */ = {
			isa = PBXGroup;
			children = (
				E5B487FD28BE821400F4EF3F /* Objective-C */,
				E5B4880B28BE822F00F4EF3F /* Lab1 */,
				E5B4881628BE824300F4EF3F /* Lab2 */,
				E5B4884728C2621800F4EF3F /* Lab3_ */,
				E5B4885228C264B100F4EF3F /* Collections */,
				E57BEFE328C451BE007D0EEA /* Lab4 */,
				E57BF00528C55010007D0EEA /* Lab5 */,
			);
			name = Products;
			sourceTree = "<group>";
		};
		E5B4880C28BE822F00F4EF3F /* Lab1 */ = {
			isa = PBXGroup;
			children = (
				E5B4880D28BE822F00F4EF3F /* main.m */,
			);
			path = Lab1;
			sourceTree = "<group>";
		};
		E5B4881728BE824300F4EF3F /* Lab2 */ = {
			isa = PBXGroup;
			children = (
				E5B4882628C0015000F4EF3F /* main.m */,
				E5B4882928C001EA00F4EF3F /* Box.h */,
				E5B4882A28C001EA00F4EF3F /* Box.m */,
				E5B4882428C0015000F4EF3F /* Person.h */,
				E5B4882528C0015000F4EF3F /* Person.m */,
			);
			path = Lab2;
			sourceTree = "<group>";
		};
		E5B4884828C2621800F4EF3F /* Lab3_ */ = {
			isa = PBXGroup;
			children = (
				E5B4884928C2621800F4EF3F /* main.m */,
				E57BEFD628C42FEC007D0EEA /* Question.h */,
				E57BEFD728C42FEC007D0EEA /* Question.m */,
				E57BEFD928C44CA8007D0EEA /* InputHandler.h */,
				E57BEFDA28C44CA8007D0EEA /* InputHandler.m */,
				E57BEFDC28C44EC0007D0EEA /* ScoreKeeper.h */,
				E57BEFDD28C44EC0007D0EEA /* ScoreKeeper.m */,
			);
			path = Lab3_;
			sourceTree = "<group>";
		};
		E5B4885328C264B100F4EF3F /* Collections */ = {
			isa = PBXGroup;
			children = (
				E5B4885428C264B100F4EF3F /* main.m */,
			);
			path = Collections;
			sourceTree = "<group>";
		};
/* End PBXGroup section */

/* Begin PBXNativeTarget section */
		E57BEFE228C451BE007D0EEA /* Lab4 */ = {
			isa = PBXNativeTarget;
			buildConfigurationList = E57BEFE728C451BE007D0EEA /* Build configuration list for PBXNativeTarget "Lab4" */;
			buildPhases = (
				E57BEFDF28C451BE007D0EEA /* Sources */,
				E57BEFE028C451BE007D0EEA /* Frameworks */,
				E57BEFE128C451BE007D0EEA /* CopyFiles */,
			);
			buildRules = (
			);
			dependencies = (
			);
			name = Lab4;
			productName = Lab4;
			productReference = E57BEFE328C451BE007D0EEA /* Lab4 */;
			productType = "com.apple.product-type.tool";
		};
		E57BF00428C55010007D0EEA /* Lab5 */ = {
			isa = PBXNativeTarget;
			buildConfigurationList = E57BF00928C55010007D0EEA /* Build configuration list for PBXNativeTarget "Lab5" */;
			buildPhases = (
				E57BF00128C55010007D0EEA /* Sources */,
				E57BF00228C55010007D0EEA /* Frameworks */,
				E57BF00328C55010007D0EEA /* CopyFiles */,
			);
			buildRules = (
			);
			dependencies = (
			);
			name = Lab5;
			productName = Lab5;
			productReference = E57BF00528C55010007D0EEA /* Lab5 */;
			productType = "com.apple.product-type.tool";
		};
		E5B487FC28BE821400F4EF3F /* Objective-C */ = {
			isa = PBXNativeTarget;
			buildConfigurationList = E5B4880428BE821400F4EF3F /* Build configuration list for PBXNativeTarget "Objective-C" */;
			buildPhases = (
				E5B487FA28BE821400F4EF3F /* Frameworks */,
				E5B487FB28BE821400F4EF3F /* CopyFiles */,
			);
			buildRules = (
			);
			dependencies = (
			);
			name = "Objective-C";
			productName = "Objective-C";
			productReference = E5B487FD28BE821400F4EF3F /* Objective-C */;
			productType = "com.apple.product-type.tool";
		};
		E5B4880A28BE822F00F4EF3F /* Lab1 */ = {
			isa = PBXNativeTarget;
			buildConfigurationList = E5B4880F28BE822F00F4EF3F /* Build configuration list for PBXNativeTarget "Lab1" */;
			buildPhases = (
				E5B4880728BE822F00F4EF3F /* Sources */,
				E5B4880828BE822F00F4EF3F /* Frameworks */,
				E5B4880928BE822F00F4EF3F /* CopyFiles */,
			);
			buildRules = (
			);
			dependencies = (
			);
			name = Lab1;
			productName = Lab1;
			productReference = E5B4880B28BE822F00F4EF3F /* Lab1 */;
			productType = "com.apple.product-type.tool";
		};
		E5B4881528BE824300F4EF3F /* Lab2 */ = {
			isa = PBXNativeTarget;
			buildConfigurationList = E5B4881A28BE824300F4EF3F /* Build configuration list for PBXNativeTarget "Lab2" */;
			buildPhases = (
				E5B4881228BE824300F4EF3F /* Sources */,
				E5B4881328BE824300F4EF3F /* Frameworks */,
				E5B4881428BE824300F4EF3F /* CopyFiles */,
			);
			buildRules = (
			);
			dependencies = (
			);
			name = Lab2;
			productName = Lab2;
			productReference = E5B4881628BE824300F4EF3F /* Lab2 */;
			productType = "com.apple.product-type.tool";
		};
		E5B4884628C2621800F4EF3F /* Lab3_ */ = {
			isa = PBXNativeTarget;
			buildConfigurationList = E5B4884B28C2621800F4EF3F /* Build configuration list for PBXNativeTarget "Lab3_" */;
			buildPhases = (
				E5B4884328C2621800F4EF3F /* Sources */,
				E5B4884428C2621800F4EF3F /* Frameworks */,
				E5B4884528C2621800F4EF3F /* CopyFiles */,
			);
			buildRules = (
			);
			dependencies = (
			);
			name = Lab3_;
			productName = Lab3_;
			productReference = E5B4884728C2621800F4EF3F /* Lab3_ */;
			productType = "com.apple.product-type.tool";
		};
		E5B4885128C264B100F4EF3F /* Collections */ = {
			isa = PBXNativeTarget;
			buildConfigurationList = E5B4885628C264B100F4EF3F /* Build configuration list for PBXNativeTarget "Collections" */;
			buildPhases = (
				E5B4884E28C264B100F4EF3F /* Sources */,
				E5B4884F28C264B100F4EF3F /* Frameworks */,
				E5B4885028C264B100F4EF3F /* CopyFiles */,
			);
			buildRules = (
			);
			dependencies = (
			);
			name = Collections;
			productName = Collections;
			productReference = E5B4885228C264B100F4EF3F /* Collections */;
			productType = "com.apple.product-type.tool";
		};
/* End PBXNativeTarget section */

/* Begin PBXProject section */
		E5B487F528BE821400F4EF3F /* Project object */ = {
			isa = PBXProject;
			attributes = {
				BuildIndependentTargetsInParallel = 1;
				LastUpgradeCheck = 1340;
				TargetAttributes = {
					E57BEFE228C451BE007D0EEA = {
						CreatedOnToolsVersion = 13.4.1;
					};
					E57BF00428C55010007D0EEA = {
						CreatedOnToolsVersion = 13.4.1;
					};
					E5B487FC28BE821400F4EF3F = {
						CreatedOnToolsVersion = 13.4.1;
					};
					E5B4880A28BE822F00F4EF3F = {
						CreatedOnToolsVersion = 13.4.1;
					};
					E5B4881528BE824300F4EF3F = {
						CreatedOnToolsVersion = 13.4.1;
					};
					E5B4884628C2621800F4EF3F = {
						CreatedOnToolsVersion = 13.4.1;
					};
					E5B4885128C264B100F4EF3F = {
						CreatedOnToolsVersion = 13.4.1;
					};
				};
			};
			buildConfigurationList = E5B487F828BE821400F4EF3F /* Build configuration list for PBXProject "Objective-C" */;
			compatibilityVersion = "Xcode 13.0";
			developmentRegion = en;
			hasScannedForEncodings = 0;
			knownRegions = (
				en,
				Base,
			);
			mainGroup = E5B487F428BE821400F4EF3F;
			productRefGroup = E5B487FE28BE821400F4EF3F /* Products */;
			projectDirPath = "";
			projectRoot = "";
			targets = (
				E5B487FC28BE821400F4EF3F /* Objective-C */,
				E5B4880A28BE822F00F4EF3F /* Lab1 */,
				E5B4881528BE824300F4EF3F /* Lab2 */,
				E5B4884628C2621800F4EF3F /* Lab3_ */,
				E5B4885128C264B100F4EF3F /* Collections */,
				E57BEFE228C451BE007D0EEA /* Lab4 */,
				E57BF00428C55010007D0EEA /* Lab5 */,
			);
		};
/* End PBXProject section */

/* Begin PBXSourcesBuildPhase section */
		E57BEFDF28C451BE007D0EEA /* Sources */ = {
			isa = PBXSourcesBuildPhase;
			buildActionMask = 2147483647;
			files = (
				E57BEFF128C47731007D0EEA /* ScoreKeeper.m in Sources */,
				E57BEFFA28C50C62007D0EEA /* MultiplicationQuestion.m in Sources */,
				E57BEFF428C47DDD007D0EEA /* AdditionQuestion.m in Sources */,
				E57BEFF728C47E35007D0EEA /* SubtractionQuestion.m in Sources */,
				E57BEFF028C4772D007D0EEA /* InputHandler.m in Sources */,
				E57BEFEF28C47728007D0EEA /* Question.m in Sources */,
				E57BEFFD28C50CA1007D0EEA /* DivisionQuestion.m in Sources */,
				E57BEFE628C451BE007D0EEA /* main.m in Sources */,
				E57BF00028C50D9F007D0EEA /* QuestionFactory.m in Sources */,
				E57BEFEC28C47265007D0EEA /* QuestionManager.m in Sources */,
			);
			runOnlyForDeploymentPostprocessing = 0;
		};
		E57BF00128C55010007D0EEA /* Sources */ = {
			isa = PBXSourcesBuildPhase;
			buildActionMask = 2147483647;
			files = (
				E57BF01528C552F4007D0EEA /* InputHandler.m in Sources */,
				E57BF01128C550A6007D0EEA /* ContactList.m in Sources */,
				E57BF00E28C55084007D0EEA /* Contact.m in Sources */,
				E57BF01428C550B8007D0EEA /* InputCollector.m in Sources */,
				E57BF00828C55010007D0EEA /* main.m in Sources */,
			);
			runOnlyForDeploymentPostprocessing = 0;
		};
		E5B4880728BE822F00F4EF3F /* Sources */ = {
			isa = PBXSourcesBuildPhase;
			buildActionMask = 2147483647;
			files = (
				E5B4881E28BE868100F4EF3F /* main.m in Sources */,
			);
			runOnlyForDeploymentPostprocessing = 0;
		};
		E5B4881228BE824300F4EF3F /* Sources */ = {
			isa = PBXSourcesBuildPhase;
			buildActionMask = 2147483647;
			files = (
				E5B4882B28C001EA00F4EF3F /* Box.m in Sources */,
				E5B4882828C0015000F4EF3F /* main.m in Sources */,
				E5B4882728C0015000F4EF3F /* Person.m in Sources */,
			);
			runOnlyForDeploymentPostprocessing = 0;
		};
		E5B4884328C2621800F4EF3F /* Sources */ = {
			isa = PBXSourcesBuildPhase;
			buildActionMask = 2147483647;
			files = (
				E57BEFDE28C44EC0007D0EEA /* ScoreKeeper.m in Sources */,
				E5B4884A28C2621800F4EF3F /* main.m in Sources */,
				E57BEFDB28C44CA8007D0EEA /* InputHandler.m in Sources */,
				E57BEFD828C42FEC007D0EEA /* Question.m in Sources */,
			);
			runOnlyForDeploymentPostprocessing = 0;
		};
		E5B4884E28C264B100F4EF3F /* Sources */ = {
			isa = PBXSourcesBuildPhase;
			buildActionMask = 2147483647;
			files = (
				E5B4885528C264B100F4EF3F /* main.m in Sources */,
			);
			runOnlyForDeploymentPostprocessing = 0;
		};
/* End PBXSourcesBuildPhase section */

/* Begin XCBuildConfiguration section */
		E57BEFE828C451BE007D0EEA /* Debug */ = {
			isa = XCBuildConfiguration;
			buildSettings = {
				CODE_SIGN_STYLE = Automatic;
				PRODUCT_NAME = "$(TARGET_NAME)";
			};
			name = Debug;
		};
		E57BEFE928C451BE007D0EEA /* Release */ = {
			isa = XCBuildConfiguration;
			buildSettings = {
				CODE_SIGN_STYLE = Automatic;
				PRODUCT_NAME = "$(TARGET_NAME)";
			};
			name = Release;
		};
		E57BF00A28C55010007D0EEA /* Debug */ = {
			isa = XCBuildConfiguration;
			buildSettings = {
				CODE_SIGN_STYLE = Automatic;
				PRODUCT_NAME = "$(TARGET_NAME)";
			};
			name = Debug;
		};
		E57BF00B28C55010007D0EEA /* Release */ = {
			isa = XCBuildConfiguration;
			buildSettings = {
				CODE_SIGN_STYLE = Automatic;
				PRODUCT_NAME = "$(TARGET_NAME)";
			};
			name = Release;
		};
		E5B4880228BE821400F4EF3F /* Debug */ = {
			isa = XCBuildConfiguration;
			buildSettings = {
				ALWAYS_SEARCH_USER_PATHS = NO;
				CLANG_ANALYZER_NONNULL = YES;
				CLANG_ANALYZER_NUMBER_OBJECT_CONVERSION = YES_AGGRESSIVE;
				CLANG_CXX_LANGUAGE_STANDARD = "gnu++17";
				CLANG_ENABLE_MODULES = YES;
				CLANG_ENABLE_OBJC_ARC = YES;
				CLANG_ENABLE_OBJC_WEAK = YES;
				CLANG_WARN_BLOCK_CAPTURE_AUTORELEASING = YES;
				CLANG_WARN_BOOL_CONVERSION = YES;
				CLANG_WARN_COMMA = YES;
				CLANG_WARN_CONSTANT_CONVERSION = YES;
				CLANG_WARN_DEPRECATED_OBJC_IMPLEMENTATIONS = YES;
				CLANG_WARN_DIRECT_OBJC_ISA_USAGE = YES_ERROR;
				CLANG_WARN_DOCUMENTATION_COMMENTS = YES;
				CLANG_WARN_EMPTY_BODY = YES;
				CLANG_WARN_ENUM_CONVERSION = YES;
				CLANG_WARN_INFINITE_RECURSION = YES;
				CLANG_WARN_INT_CONVERSION = YES;
				CLANG_WARN_NON_LITERAL_NULL_CONVERSION = YES;
				CLANG_WARN_OBJC_IMPLICIT_RETAIN_SELF = YES;
				CLANG_WARN_OBJC_LITERAL_CONVERSION = YES;
				CLANG_WARN_OBJC_ROOT_CLASS = YES_ERROR;
				CLANG_WARN_QUOTED_INCLUDE_IN_FRAMEWORK_HEADER = YES;
				CLANG_WARN_RANGE_LOOP_ANALYSIS = YES;
				CLANG_WARN_STRICT_PROTOTYPES = YES;
				CLANG_WARN_SUSPICIOUS_MOVE = YES;
				CLANG_WARN_UNGUARDED_AVAILABILITY = YES_AGGRESSIVE;
				CLANG_WARN_UNREACHABLE_CODE = YES;
				CLANG_WARN__DUPLICATE_METHOD_MATCH = YES;
				COPY_PHASE_STRIP = NO;
				DEBUG_INFORMATION_FORMAT = dwarf;
				ENABLE_STRICT_OBJC_MSGSEND = YES;
				ENABLE_TESTABILITY = YES;
				GCC_C_LANGUAGE_STANDARD = gnu11;
				GCC_DYNAMIC_NO_PIC = NO;
				GCC_NO_COMMON_BLOCKS = YES;
				GCC_OPTIMIZATION_LEVEL = 0;
				GCC_PREPROCESSOR_DEFINITIONS = (
					"DEBUG=1",
					"$(inherited)",
				);
				GCC_WARN_64_TO_32_BIT_CONVERSION = YES;
				GCC_WARN_ABOUT_RETURN_TYPE = YES_ERROR;
				GCC_WARN_UNDECLARED_SELECTOR = YES;
				GCC_WARN_UNINITIALIZED_AUTOS = YES_AGGRESSIVE;
				GCC_WARN_UNUSED_FUNCTION = YES;
				GCC_WARN_UNUSED_VARIABLE = YES;
				MACOSX_DEPLOYMENT_TARGET = 12.3;
				MTL_ENABLE_DEBUG_INFO = INCLUDE_SOURCE;
				MTL_FAST_MATH = YES;
				ONLY_ACTIVE_ARCH = YES;
				SDKROOT = macosx;
			};
			name = Debug;
		};
		E5B4880328BE821400F4EF3F /* Release */ = {
			isa = XCBuildConfiguration;
			buildSettings = {
				ALWAYS_SEARCH_USER_PATHS = NO;
				CLANG_ANALYZER_NONNULL = YES;
				CLANG_ANALYZER_NUMBER_OBJECT_CONVERSION = YES_AGGRESSIVE;
				CLANG_CXX_LANGUAGE_STANDARD = "gnu++17";
				CLANG_ENABLE_MODULES = YES;
				CLANG_ENABLE_OBJC_ARC = YES;
				CLANG_ENABLE_OBJC_WEAK = YES;
				CLANG_WARN_BLOCK_CAPTURE_AUTORELEASING = YES;
				CLANG_WARN_BOOL_CONVERSION = YES;
				CLANG_WARN_COMMA = YES;
				CLANG_WARN_CONSTANT_CONVERSION = YES;
				CLANG_WARN_DEPRECATED_OBJC_IMPLEMENTATIONS = YES;
				CLANG_WARN_DIRECT_OBJC_ISA_USAGE = YES_ERROR;
				CLANG_WARN_DOCUMENTATION_COMMENTS = YES;
				CLANG_WARN_EMPTY_BODY = YES;
				CLANG_WARN_ENUM_CONVERSION = YES;
				CLANG_WARN_INFINITE_RECURSION = YES;
				CLANG_WARN_INT_CONVERSION = YES;
				CLANG_WARN_NON_LITERAL_NULL_CONVERSION = YES;
				CLANG_WARN_OBJC_IMPLICIT_RETAIN_SELF = YES;
				CLANG_WARN_OBJC_LITERAL_CONVERSION = YES;
				CLANG_WARN_OBJC_ROOT_CLASS = YES_ERROR;
				CLANG_WARN_QUOTED_INCLUDE_IN_FRAMEWORK_HEADER = YES;
				CLANG_WARN_RANGE_LOOP_ANALYSIS = YES;
				CLANG_WARN_STRICT_PROTOTYPES = YES;
				CLANG_WARN_SUSPICIOUS_MOVE = YES;
				CLANG_WARN_UNGUARDED_AVAILABILITY = YES_AGGRESSIVE;
				CLANG_WARN_UNREACHABLE_CODE = YES;
				CLANG_WARN__DUPLICATE_METHOD_MATCH = YES;
				COPY_PHASE_STRIP = NO;
				DEBUG_INFORMATION_FORMAT = "dwarf-with-dsym";
				ENABLE_NS_ASSERTIONS = NO;
				ENABLE_STRICT_OBJC_MSGSEND = YES;
				GCC_C_LANGUAGE_STANDARD = gnu11;
				GCC_NO_COMMON_BLOCKS = YES;
				GCC_WARN_64_TO_32_BIT_CONVERSION = YES;
				GCC_WARN_ABOUT_RETURN_TYPE = YES_ERROR;
				GCC_WARN_UNDECLARED_SELECTOR = YES;
				GCC_WARN_UNINITIALIZED_AUTOS = YES_AGGRESSIVE;
				GCC_WARN_UNUSED_FUNCTION = YES;
				GCC_WARN_UNUSED_VARIABLE = YES;
				MACOSX_DEPLOYMENT_TARGET = 12.3;
				MTL_ENABLE_DEBUG_INFO = NO;
				MTL_FAST_MATH = YES;
				SDKROOT = macosx;
			};
			name = Release;
		};
		E5B4880528BE821400F4EF3F /* Debug */ = {
			isa = XCBuildConfiguration;
			buildSettings = {
				CODE_SIGN_STYLE = Automatic;
				PRODUCT_NAME = "$(TARGET_NAME)";
			};
			name = Debug;
		};
		E5B4880628BE821400F4EF3F /* Release */ = {
			isa = XCBuildConfiguration;
			buildSettings = {
				CODE_SIGN_STYLE = Automatic;
				PRODUCT_NAME = "$(TARGET_NAME)";
			};
			name = Release;
		};
		E5B4881028BE822F00F4EF3F /* Debug */ = {
			isa = XCBuildConfiguration;
			buildSettings = {
				CODE_SIGN_STYLE = Automatic;
				PRODUCT_NAME = "$(TARGET_NAME)";
			};
			name = Debug;
		};
		E5B4881128BE822F00F4EF3F /* Release */ = {
			isa = XCBuildConfiguration;
			buildSettings = {
				CODE_SIGN_STYLE = Automatic;
				PRODUCT_NAME = "$(TARGET_NAME)";
			};
			name = Release;
		};
		E5B4881B28BE824300F4EF3F /* Debug */ = {
			isa = XCBuildConfiguration;
			buildSettings = {
				CODE_SIGN_STYLE = Automatic;
				PRODUCT_NAME = "$(TARGET_NAME)";
			};
			name = Debug;
		};
		E5B4881C28BE824300F4EF3F /* Release */ = {
			isa = XCBuildConfiguration;
			buildSettings = {
				CODE_SIGN_STYLE = Automatic;
				PRODUCT_NAME = "$(TARGET_NAME)";
			};
			name = Release;
		};
		E5B4884C28C2621800F4EF3F /* Debug */ = {
			isa = XCBuildConfiguration;
			buildSettings = {
				CODE_SIGN_STYLE = Automatic;
				PRODUCT_NAME = "$(TARGET_NAME)";
			};
			name = Debug;
		};
		E5B4884D28C2621800F4EF3F /* Release */ = {
			isa = XCBuildConfiguration;
			buildSettings = {
				CODE_SIGN_STYLE = Automatic;
				PRODUCT_NAME = "$(TARGET_NAME)";
			};
			name = Release;
		};
		E5B4885728C264B100F4EF3F /* Debug */ = {
			isa = XCBuildConfiguration;
			buildSettings = {
				CODE_SIGN_STYLE = Automatic;
				PRODUCT_NAME = "$(TARGET_NAME)";
			};
			name = Debug;
		};
		E5B4885828C264B100F4EF3F /* Release */ = {
			isa = XCBuildConfiguration;
			buildSettings = {
				CODE_SIGN_STYLE = Automatic;
				PRODUCT_NAME = "$(TARGET_NAME)";
			};
			name = Release;
		};
/* End XCBuildConfiguration section */

/* Begin XCConfigurationList section */
		E57BEFE728C451BE007D0EEA /* Build configuration list for PBXNativeTarget "Lab4" */ = {
			isa = XCConfigurationList;
			buildConfigurations = (
				E57BEFE828C451BE007D0EEA /* Debug */,
				E57BEFE928C451BE007D0EEA /* Release */,
			);
			defaultConfigurationIsVisible = 0;
			defaultConfigurationName = Release;
		};
		E57BF00928C55010007D0EEA /* Build configuration list for PBXNativeTarget "Lab5" */ = {
			isa = XCConfigurationList;
			buildConfigurations = (
				E57BF00A28C55010007D0EEA /* Debug */,
				E57BF00B28C55010007D0EEA /* Release */,
			);
			defaultConfigurationIsVisible = 0;
			defaultConfigurationName = Release;
		};
		E5B487F828BE821400F4EF3F /* Build configuration list for PBXProject "Objective-C" */ = {
			isa = XCConfigurationList;
			buildConfigurations = (
				E5B4880228BE821400F4EF3F /* Debug */,
				E5B4880328BE821400F4EF3F /* Release */,
			);
			defaultConfigurationIsVisible = 0;
			defaultConfigurationName = Release;
		};
		E5B4880428BE821400F4EF3F /* Build configuration list for PBXNativeTarget "Objective-C" */ = {
			isa = XCConfigurationList;
			buildConfigurations = (
				E5B4880528BE821400F4EF3F /* Debug */,
				E5B4880628BE821400F4EF3F /* Release */,
			);
			defaultConfigurationIsVisible = 0;
			defaultConfigurationName = Release;
		};
		E5B4880F28BE822F00F4EF3F /* Build configuration list for PBXNativeTarget "Lab1" */ = {
			isa = XCConfigurationList;
			buildConfigurations = (
				E5B4881028BE822F00F4EF3F /* Debug */,
				E5B4881128BE822F00F4EF3F /* Release */,
			);
			defaultConfigurationIsVisible = 0;
			defaultConfigurationName = Release;
		};
		E5B4881A28BE824300F4EF3F /* Build configuration list for PBXNativeTarget "Lab2" */ = {
			isa = XCConfigurationList;
			buildConfigurations = (
				E5B4881B28BE824300F4EF3F /* Debug */,
				E5B4881C28BE824300F4EF3F /* Release */,
			);
			defaultConfigurationIsVisible = 0;
			defaultConfigurationName = Release;
		};
		E5B4884B28C2621800F4EF3F /* Build configuration list for PBXNativeTarget "Lab3_" */ = {
			isa = XCConfigurationList;
			buildConfigurations = (
				E5B4884C28C2621800F4EF3F /* Debug */,
				E5B4884D28C2621800F4EF3F /* Release */,
			);
			defaultConfigurationIsVisible = 0;
			defaultConfigurationName = Release;
		};
		E5B4885628C264B100F4EF3F /* Build configuration list for PBXNativeTarget "Collections" */ = {
			isa = XCConfigurationList;
			buildConfigurations = (
				E5B4885728C264B100F4EF3F /* Debug */,
				E5B4885828C264B100F4EF3F /* Release */,
			);
			defaultConfigurationIsVisible = 0;
			defaultConfigurationName = Release;
		};
/* End XCConfigurationList section */
	};
	rootObject = E5B487F528BE821400F4EF3F /* Project object */;
}
